
Microsoft Visual Studio Solution File, Format Version 12.00
# Visual Studio 14
VisualStudioVersion = 14.0.25420.1
MinimumVisualStudioVersion = 10.0.40219.1
Project("{FAE04EC0-301F-11D3-BF4B-00C04F79EFBC}") = "JsonIO", "JsonIO\JsonIO.csproj", "{04451452-AB56-4A95-BF28-B7E60D5431AA}"
EndProject
Project("{FAE04EC0-301F-11D3-BF4B-00C04F79EFBC}") = "JsonIOUnitTest", "JsonIOUnitTest\JsonIOUnitTest.csproj", "{4D086764-0CC9-4F0D-A681-70FA7A5E044D}"
EndProject
Global
	GlobalSection(SolutionConfigurationPlatforms) = preSolution
		Debug|Any CPU = Debug|Any CPU
		Release|Any CPU = Release|Any CPU
	EndGlobalSection
	GlobalSection(ProjectConfigurationPlatforms) = postSolution
		{04451452-AB56-4A95-BF28-B7E60D5431AA}.Debug|Any CPU.ActiveCfg = Debug|Any CPU
		{04451452-AB56-4A95-BF28-B7E60D5431AA}.Debug|Any CPU.Build.0 = Debug|Any CPU
		{04451452-AB56-4A95-BF28-B7E60D5431AA}.Release|Any CPU.ActiveCfg = Release|Any CPU
		{04451452-AB56-4A95-BF28-B7E60D5431AA}.Release|Any CPU.Build.0 = Release|Any CPU
		{4D086764-0CC9-4F0D-A681-70FA7A5E044D}.Debug|Any CPU.ActiveCfg = Debug|Any CPU
		{4D086764-0CC9-4F0D-A681-70FA7A5E044D}.Debug|Any CPU.Build.0 = Debug|Any CPU
		{4D086764-0CC9-4F0D-A681-70FA7A5E044D}.Release|Any CPU.ActiveCfg = Release|Any CPU
		{4D086764-0CC9-4F0D-A681-70FA7A5E044D}.Release|Any CPU.Build.0 = Release|Any CPU
	EndGlobalSection
	GlobalSection(SolutionProperties) = preSolution
		HideSolutionNode = FALSE
	EndGlobalSection
EndGlobal
